
Microsoft Visual Studio Solution File, Format Version 12.00
# Visual Studio Version 17
VisualStudioVersion = 17.2.32630.192
MinimumVisualStudioVersion = 10.0.40219.1
Project("{FAE04EC0-301F-11D3-BF4B-00C04F79EFBC}") = "Backend", "Backend.csproj", "{C8CC05F7-9ACE-4E9A-959D-D1AFD80FCEC4}"
EndProject
Global
	GlobalSection(SolutionConfigurationPlatforms) = preSolution
		Debug|Any CPU = Debug|Any CPU
		Release|Any CPU = Release|Any CPU
	EndGlobalSection
	GlobalSection(ProjectConfigurationPlatforms) = postSolution
		{C8CC05F7-9ACE-4E9A-959D-D1AFD80FCEC4}.Debug|Any CPU.ActiveCfg = Debug|Any CPU
		{C8CC05F7-9ACE-4E9A-959D-D1AFD80FCEC4}.Debug|Any CPU.Build.0 = Debug|Any CPU
		{C8CC05F7-9ACE-4E9A-959D-D1AFD80FCEC4}.Release|Any CPU.ActiveCfg = Release|Any CPU
		{C8CC05F7-9ACE-4E9A-959D-D1AFD80FCEC4}.Release|Any CPU.Build.0 = Release|Any CPU
	EndGlobalSection
	GlobalSection(SolutionProperties) = preSolution
		HideSolutionNode = FALSE
	EndGlobalSection
	GlobalSection(ExtensibilityGlobals) = postSolution
		SolutionGuid = {FEFEC97C-FBFF-4652-AC0B-37AF4795FE24}
	EndGlobalSection
EndGlobal
